// !$*UTF8*$!
{
	archiveVersion = 1;
	classes = {
	};
	objectVersion = 56;
	objects = {

/* Begin PBXBuildFile section */
		99B5E9EE2C70BC9200A087B0 /* WatchItApp.swift in Sources */ = {isa = PBXBuildFile; fileRef = 99B5E9ED2C70BC9200A087B0 /* WatchItApp.swift */; };
		99B5E9F02C70BC9200A087B0 /* ContentView.swift in Sources */ = {isa = PBXBuildFile; fileRef = 99B5E9EF2C70BC9200A087B0 /* ContentView.swift */; };
		99B5E9F22C70BC9200A087B0 /* Assets.xcassets in Resources */ = {isa = PBXBuildFile; fileRef = 99B5E9F12C70BC9200A087B0 /* Assets.xcassets */; };
		99B5E9F52C70BC9200A087B0 /* Preview Assets.xcassets in Resources */ = {isa = PBXBuildFile; fileRef = 99B5E9F42C70BC9200A087B0 /* Preview Assets.xcassets */; };
		99B5E9FC2C70BCF600A087B0 /* WatchNow.swift in Sources */ = {isa = PBXBuildFile; fileRef = 99B5E9FB2C70BCF600A087B0 /* WatchNow.swift */; };
		99B5EA002C70BD3F00A087B0 /* Archive.swift in Sources */ = {isa = PBXBuildFile; fileRef = 99B5E9FF2C70BD3F00A087B0 /* Archive.swift */; };
		99B5EA052C7257FC00A087B0 /* SearchTab.swift in Sources */ = {isa = PBXBuildFile; fileRef = 99B5EA042C7257FC00A087B0 /* SearchTab.swift */; };
		99B5EA102C7271CA00A087B0 /* FilmsData.json in Resources */ = {isa = PBXBuildFile; fileRef = 99B5EA062C725BD500A087B0 /* FilmsData.json */; };
		99B5EA122C73636400A087B0 /* JSONManager.swift in Sources */ = {isa = PBXBuildFile; fileRef = 99B5EA112C73636400A087B0 /* JSONManager.swift */; };
		99B5EA152C7366DE00A087B0 /* FilmSlider.swift in Sources */ = {isa = PBXBuildFile; fileRef = 99B5EA142C7366DE00A087B0 /* FilmSlider.swift */; };
		99B5EA172C7375B500A087B0 /* WTWShowAll.swift in Sources */ = {isa = PBXBuildFile; fileRef = 99B5EA162C7375B500A087B0 /* WTWShowAll.swift */; };
		99B5EA192C73825D00A087B0 /* WTWView.swift in Sources */ = {isa = PBXBuildFile; fileRef = 99B5EA182C73825D00A087B0 /* WTWView.swift */; };
		99B5EA2C2C74DCFD00A087B0 /* NANWView.swift in Sources */ = {isa = PBXBuildFile; fileRef = 99B5EA2B2C74DCFD00A087B0 /* NANWView.swift */; };
		99B5EA302C74DDC300A087B0 /* NANWSlider.swift in Sources */ = {isa = PBXBuildFile; fileRef = 99B5EA2F2C74DDC300A087B0 /* NANWSlider.swift */; };
		99B5EA362C763F6400A087B0 /* NANWShowAll.swift in Sources */ = {isa = PBXBuildFile; fileRef = 99B5EA352C763F6400A087B0 /* NANWShowAll.swift */; };
		99B5EA382C7764ED00A087B0 /* ProfileScreen.swift in Sources */ = {isa = PBXBuildFile; fileRef = 99B5EA372C7764ED00A087B0 /* ProfileScreen.swift */; };
/* End PBXBuildFile section */

/* Begin PBXFileReference section */
		99B5E9EA2C70BC9200A087B0 /* WatchIt.app */ = {isa = PBXFileReference; explicitFileType = wrapper.application; includeInIndex = 0; path = WatchIt.app; sourceTree = BUILT_PRODUCTS_DIR; };
		99B5E9ED2C70BC9200A087B0 /* WatchItApp.swift */ = {isa = PBXFileReference; lastKnownFileType = sourcecode.swift; path = WatchItApp.swift; sourceTree = "<group>"; };
		99B5E9EF2C70BC9200A087B0 /* ContentView.swift */ = {isa = PBXFileReference; lastKnownFileType = sourcecode.swift; path = ContentView.swift; sourceTree = "<group>"; };
		99B5E9F12C70BC9200A087B0 /* Assets.xcassets */ = {isa = PBXFileReference; lastKnownFileType = folder.assetcatalog; path = Assets.xcassets; sourceTree = "<group>"; };
		99B5E9F42C70BC9200A087B0 /* Preview Assets.xcassets */ = {isa = PBXFileReference; lastKnownFileType = folder.assetcatalog; path = "Preview Assets.xcassets"; sourceTree = "<group>"; };
		99B5E9FB2C70BCF600A087B0 /* WatchNow.swift */ = {isa = PBXFileReference; lastKnownFileType = sourcecode.swift; path = WatchNow.swift; sourceTree = "<group>"; xcLanguageSpecificationIdentifier = xcode.lang.swift; };
		99B5E9FF2C70BD3F00A087B0 /* Archive.swift */ = {isa = PBXFileReference; lastKnownFileType = sourcecode.swift; path = Archive.swift; sourceTree = "<group>"; };
		99B5EA042C7257FC00A087B0 /* SearchTab.swift */ = {isa = PBXFileReference; lastKnownFileType = sourcecode.swift; path = SearchTab.swift; sourceTree = "<group>"; };
		99B5EA062C725BD500A087B0 /* FilmsData.json */ = {isa = PBXFileReference; lastKnownFileType = text.json; path = FilmsData.json; sourceTree = "<group>"; };
		99B5EA112C73636400A087B0 /* JSONManager.swift */ = {isa = PBXFileReference; explicitFileType = sourcecode.swift; path = JSONManager.swift; sourceTree = "<group>"; };
		99B5EA142C7366DE00A087B0 /* FilmSlider.swift */ = {isa = PBXFileReference; lastKnownFileType = sourcecode.swift; path = FilmSlider.swift; sourceTree = "<group>"; };
		99B5EA162C7375B500A087B0 /* WTWShowAll.swift */ = {isa = PBXFileReference; lastKnownFileType = sourcecode.swift; path = WTWShowAll.swift; sourceTree = "<group>"; };
		99B5EA182C73825D00A087B0 /* WTWView.swift */ = {isa = PBXFileReference; lastKnownFileType = sourcecode.swift; path = WTWView.swift; sourceTree = "<group>"; };
		99B5EA2B2C74DCFD00A087B0 /* NANWView.swift */ = {isa = PBXFileReference; lastKnownFileType = sourcecode.swift; path = NANWView.swift; sourceTree = "<group>"; };
		99B5EA2F2C74DDC300A087B0 /* NANWSlider.swift */ = {isa = PBXFileReference; lastKnownFileType = sourcecode.swift; path = NANWSlider.swift; sourceTree = "<group>"; };
		99B5EA352C763F6400A087B0 /* NANWShowAll.swift */ = {isa = PBXFileReference; lastKnownFileType = sourcecode.swift; path = NANWShowAll.swift; sourceTree = "<group>"; };
		99B5EA372C7764ED00A087B0 /* ProfileScreen.swift */ = {isa = PBXFileReference; lastKnownFileType = sourcecode.swift; path = ProfileScreen.swift; sourceTree = "<group>"; };
/* End PBXFileReference section */

/* Begin PBXFrameworksBuildPhase section */
		99B5E9E72C70BC9200A087B0 /* Frameworks */ = {
			isa = PBXFrameworksBuildPhase;
			buildActionMask = 2147483647;
			files = (
			);
			runOnlyForDeploymentPostprocessing = 0;
		};
/* End PBXFrameworksBuildPhase section */

/* Begin PBXGroup section */
		99B5E9E12C70BC9100A087B0 = {
			isa = PBXGroup;
			children = (
				99B5EA372C7764ED00A087B0 /* ProfileScreen.swift */,
				99B5E9EC2C70BC9200A087B0 /* WatchIt */,
				99B5E9EB2C70BC9200A087B0 /* Products */,
			);
			sourceTree = "<group>";
		};
		99B5E9EB2C70BC9200A087B0 /* Products */ = {
			isa = PBXGroup;
			children = (
				99B5E9EA2C70BC9200A087B0 /* WatchIt.app */,
			);
			name = Products;
			sourceTree = "<group>";
		};
		99B5E9EC2C70BC9200A087B0 /* WatchIt */ = {
			isa = PBXGroup;
			children = (
				99B5EA1A2C73830100A087B0 /* Views */,
				99B5EA132C73667600A087B0 /* Tabs */,
				99B5E9ED2C70BC9200A087B0 /* WatchItApp.swift */,
				99B5E9F12C70BC9200A087B0 /* Assets.xcassets */,
				99B5EA1D2C73836900A087B0 /* Data */,
				99B5E9F32C70BC9200A087B0 /* Preview Content */,
				99B5EA1C2C73835800A087B0 /* Managers */,
			);
			path = WatchIt;
			sourceTree = "<group>";
		};
		99B5E9F32C70BC9200A087B0 /* Preview Content */ = {
			isa = PBXGroup;
			children = (
				99B5E9F42C70BC9200A087B0 /* Preview Assets.xcassets */,
			);
			path = "Preview Content";
			sourceTree = "<group>";
		};
		99B5EA132C73667600A087B0 /* Tabs */ = {
			isa = PBXGroup;
			children = (
				99B5EA042C7257FC00A087B0 /* SearchTab.swift */,
				99B5E9FF2C70BD3F00A087B0 /* Archive.swift */,
				99B5E9FB2C70BCF600A087B0 /* WatchNow.swift */,
			);
			path = Tabs;
			sourceTree = "<group>";
		};
		99B5EA1A2C73830100A087B0 /* Views */ = {
			isa = PBXGroup;
			children = (
				99B5EA2A2C74DC9300A087B0 /* NANW */,
				99B5E9EF2C70BC9200A087B0 /* ContentView.swift */,
				99B5EA1B2C73831800A087B0 /* WTW */,
			);
			path = Views;
			sourceTree = "<group>";
		};
		99B5EA1B2C73831800A087B0 /* WTW */ = {
			isa = PBXGroup;
			children = (
				99B5EA142C7366DE00A087B0 /* FilmSlider.swift */,
				99B5EA162C7375B500A087B0 /* WTWShowAll.swift */,
				99B5EA182C73825D00A087B0 /* WTWView.swift */,
			);
			path = WTW;
			sourceTree = "<group>";
		};
		99B5EA1C2C73835800A087B0 /* Managers */ = {
			isa = PBXGroup;
			children = (
				99B5EA112C73636400A087B0 /* JSONManager.swift */,
			);
			path = Managers;
			sourceTree = "<group>";
		};
		99B5EA1D2C73836900A087B0 /* Data */ = {
			isa = PBXGroup;
			children = (
				99B5EA062C725BD500A087B0 /* FilmsData.json */,
			);
			path = Data;
			sourceTree = "<group>";
		};
		99B5EA2A2C74DC9300A087B0 /* NANW */ = {
			isa = PBXGroup;
			children = (
				99B5EA2B2C74DCFD00A087B0 /* NANWView.swift */,
				99B5EA2F2C74DDC300A087B0 /* NANWSlider.swift */,
				99B5EA352C763F6400A087B0 /* NANWShowAll.swift */,
			);
			path = NANW;
			sourceTree = "<group>";
		};
/* End PBXGroup section */

/* Begin PBXNativeTarget section */
		99B5E9E92C70BC9200A087B0 /* WatchIt */ = {
			isa = PBXNativeTarget;
			buildConfigurationList = 99B5E9F82C70BC9200A087B0 /* Build configuration list for PBXNativeTarget "WatchIt" */;
			buildPhases = (
				99B5E9E62C70BC9200A087B0 /* Sources */,
				99B5E9E72C70BC9200A087B0 /* Frameworks */,
				99B5E9E82C70BC9200A087B0 /* Resources */,
			);
			buildRules = (
			);
			dependencies = (
			);
			name = WatchIt;
			productName = WatchIt;
			productReference = 99B5E9EA2C70BC9200A087B0 /* WatchIt.app */;
			productType = "com.apple.product-type.application";
		};
/* End PBXNativeTarget section */

/* Begin PBXProject section */
		99B5E9E22C70BC9100A087B0 /* Project object */ = {
			isa = PBXProject;
			attributes = {
				BuildIndependentTargetsInParallel = 1;
				LastSwiftUpdateCheck = 1540;
				LastUpgradeCheck = 1540;
				TargetAttributes = {
					99B5E9E92C70BC9200A087B0 = {
						CreatedOnToolsVersion = 15.4;
					};
				};
			};
			buildConfigurationList = 99B5E9E52C70BC9100A087B0 /* Build configuration list for PBXProject "WatchIt" */;
			compatibilityVersion = "Xcode 14.0";
			developmentRegion = en;
			hasScannedForEncodings = 0;
			knownRegions = (
				en,
				Base,
			);
			mainGroup = 99B5E9E12C70BC9100A087B0;
			productRefGroup = 99B5E9EB2C70BC9200A087B0 /* Products */;
			projectDirPath = "";
			projectRoot = "";
			targets = (
				99B5E9E92C70BC9200A087B0 /* WatchIt */,
			);
		};
/* End PBXProject section */

/* Begin PBXResourcesBuildPhase section */
		99B5E9E82C70BC9200A087B0 /* Resources */ = {
			isa = PBXResourcesBuildPhase;
			buildActionMask = 2147483647;
			files = (
				99B5E9F52C70BC9200A087B0 /* Preview Assets.xcassets in Resources */,
				99B5E9F22C70BC9200A087B0 /* Assets.xcassets in Resources */,
				99B5EA102C7271CA00A087B0 /* FilmsData.json in Resources */,
			);
			runOnlyForDeploymentPostprocessing = 0;
		};
/* End PBXResourcesBuildPhase section */

/* Begin PBXSourcesBuildPhase section */
		99B5E9E62C70BC9200A087B0 /* Sources */ = {
			isa = PBXSourcesBuildPhase;
			buildActionMask = 2147483647;
			files = (
				99B5EA192C73825D00A087B0 /* WTWView.swift in Sources */,
				99B5EA002C70BD3F00A087B0 /* Archive.swift in Sources */,
				99B5EA122C73636400A087B0 /* JSONManager.swift in Sources */,
				99B5E9F02C70BC9200A087B0 /* ContentView.swift in Sources */,
				99B5EA382C7764ED00A087B0 /* ProfileScreen.swift in Sources */,
				99B5EA2C2C74DCFD00A087B0 /* NANWView.swift in Sources */,
				99B5E9FC2C70BCF600A087B0 /* WatchNow.swift in Sources */,
				99B5EA362C763F6400A087B0 /* NANWShowAll.swift in Sources */,
				99B5EA302C74DDC300A087B0 /* NANWSlider.swift in Sources */,
				99B5EA152C7366DE00A087B0 /* FilmSlider.swift in Sources */,
				99B5E9EE2C70BC9200A087B0 /* WatchItApp.swift in Sources */,
				99B5EA052C7257FC00A087B0 /* SearchTab.swift in Sources */,
				99B5EA172C7375B500A087B0 /* WTWShowAll.swift in Sources */,
			);
			runOnlyForDeploymentPostprocessing = 0;
		};
/* End PBXSourcesBuildPhase section */

/* Begin XCBuildConfiguration section */
		99B5E9F62C70BC9200A087B0 /* Debug */ = {
			isa = XCBuildConfiguration;
			buildSettings = {
				ALWAYS_SEARCH_USER_PATHS = NO;
				ASSETCATALOG_COMPILER_GENERATE_SWIFT_ASSET_SYMBOL_EXTENSIONS = YES;
				CLANG_ANALYZER_NONNULL = YES;
				CLANG_ANALYZER_NUMBER_OBJECT_CONVERSION = YES_AGGRESSIVE;
				CLANG_CXX_LANGUAGE_STANDARD = "gnu++20";
				CLANG_ENABLE_MODULES = YES;
				CLANG_ENABLE_OBJC_ARC = YES;
				CLANG_ENABLE_OBJC_WEAK = YES;
				CLANG_WARN_BLOCK_CAPTURE_AUTORELEASING = YES;
				CLANG_WARN_BOOL_CONVERSION = YES;
				CLANG_WARN_COMMA = YES;
				CLANG_WARN_CONSTANT_CONVERSION = YES;
				CLANG_WARN_DEPRECATED_OBJC_IMPLEMENTATIONS = YES;
				CLANG_WARN_DIRECT_OBJC_ISA_USAGE = YES_ERROR;
				CLANG_WARN_DOCUMENTATION_COMMENTS = YES;
				CLANG_WARN_EMPTY_BODY = YES;
				CLANG_WARN_ENUM_CONVERSION = YES;
				CLANG_WARN_INFINITE_RECURSION = YES;
				CLANG_WARN_INT_CONVERSION = YES;
				CLANG_WARN_NON_LITERAL_NULL_CONVERSION = YES;
				CLANG_WARN_OBJC_IMPLICIT_RETAIN_SELF = YES;
				CLANG_WARN_OBJC_LITERAL_CONVERSION = YES;
				CLANG_WARN_OBJC_ROOT_CLASS = YES_ERROR;
				CLANG_WARN_QUOTED_INCLUDE_IN_FRAMEWORK_HEADER = YES;
				CLANG_WARN_RANGE_LOOP_ANALYSIS = YES;
				CLANG_WARN_STRICT_PROTOTYPES = YES;
				CLANG_WARN_SUSPICIOUS_MOVE = YES;
				CLANG_WARN_UNGUARDED_AVAILABILITY = YES_AGGRESSIVE;
				CLANG_WARN_UNREACHABLE_CODE = YES;
				CLANG_WARN__DUPLICATE_METHOD_MATCH = YES;
				COPY_PHASE_STRIP = NO;
				DEBUG_INFORMATION_FORMAT = dwarf;
				ENABLE_STRICT_OBJC_MSGSEND = YES;
				ENABLE_TESTABILITY = YES;
				ENABLE_USER_SCRIPT_SANDBOXING = YES;
				GCC_C_LANGUAGE_STANDARD = gnu17;
				GCC_DYNAMIC_NO_PIC = NO;
				GCC_NO_COMMON_BLOCKS = YES;
				GCC_OPTIMIZATION_LEVEL = 0;
				GCC_PREPROCESSOR_DEFINITIONS = (
					"DEBUG=1",
					"$(inherited)",
				);
				GCC_WARN_64_TO_32_BIT_CONVERSION = YES;
				GCC_WARN_ABOUT_RETURN_TYPE = YES_ERROR;
				GCC_WARN_UNDECLARED_SELECTOR = YES;
				GCC_WARN_UNINITIALIZED_AUTOS = YES_AGGRESSIVE;
				GCC_WARN_UNUSED_FUNCTION = YES;
				GCC_WARN_UNUSED_VARIABLE = YES;
				IPHONEOS_DEPLOYMENT_TARGET = 17.5;
				LOCALIZATION_PREFERS_STRING_CATALOGS = YES;
				MTL_ENABLE_DEBUG_INFO = INCLUDE_SOURCE;
				MTL_FAST_MATH = YES;
				ONLY_ACTIVE_ARCH = YES;
				SDKROOT = iphoneos;
				SWIFT_ACTIVE_COMPILATION_CONDITIONS = "DEBUG $(inherited)";
				SWIFT_OPTIMIZATION_LEVEL = "-Onone";
			};
			name = Debug;
		};
		99B5E9F72C70BC9200A087B0 /* Release */ = {
			isa = XCBuildConfiguration;
			buildSettings = {
				ALWAYS_SEARCH_USER_PATHS = NO;
				ASSETCATALOG_COMPILER_GENERATE_SWIFT_ASSET_SYMBOL_EXTENSIONS = YES;
				CLANG_ANALYZER_NONNULL = YES;
				CLANG_ANALYZER_NUMBER_OBJECT_CONVERSION = YES_AGGRESSIVE;
				CLANG_CXX_LANGUAGE_STANDARD = "gnu++20";
				CLANG_ENABLE_MODULES = YES;
				CLANG_ENABLE_OBJC_ARC = YES;
				CLANG_ENABLE_OBJC_WEAK = YES;
				CLANG_WARN_BLOCK_CAPTURE_AUTORELEASING = YES;
				CLANG_WARN_BOOL_CONVERSION = YES;
				CLANG_WARN_COMMA = YES;
				CLANG_WARN_CONSTANT_CONVERSION = YES;
				CLANG_WARN_DEPRECATED_OBJC_IMPLEMENTATIONS = YES;
				CLANG_WARN_DIRECT_OBJC_ISA_USAGE = YES_ERROR;
				CLANG_WARN_DOCUMENTATION_COMMENTS = YES;
				CLANG_WARN_EMPTY_BODY = YES;
				CLANG_WARN_ENUM_CONVERSION = YES;
				CLANG_WARN_INFINITE_RECURSION = YES;
				CLANG_WARN_INT_CONVERSION = YES;
				CLANG_WARN_NON_LITERAL_NULL_CONVERSION = YES;
				CLANG_WARN_OBJC_IMPLICIT_RETAIN_SELF = YES;
				CLANG_WARN_OBJC_LITERAL_CONVERSION = YES;
				CLANG_WARN_OBJC_ROOT_CLASS = YES_ERROR;
				CLANG_WARN_QUOTED_INCLUDE_IN_FRAMEWORK_HEADER = YES;
				CLANG_WARN_RANGE_LOOP_ANALYSIS = YES;
				CLANG_WARN_STRICT_PROTOTYPES = YES;
				CLANG_WARN_SUSPICIOUS_MOVE = YES;
				CLANG_WARN_UNGUARDED_AVAILABILITY = YES_AGGRESSIVE;
				CLANG_WARN_UNREACHABLE_CODE = YES;
				CLANG_WARN__DUPLICATE_METHOD_MATCH = YES;
				COPY_PHASE_STRIP = NO;
				DEBUG_INFORMATION_FORMAT = "dwarf-with-dsym";
				ENABLE_NS_ASSERTIONS = NO;
				ENABLE_STRICT_OBJC_MSGSEND = YES;
				ENABLE_USER_SCRIPT_SANDBOXING = YES;
				GCC_C_LANGUAGE_STANDARD = gnu17;
				GCC_NO_COMMON_BLOCKS = YES;
				GCC_WARN_64_TO_32_BIT_CONVERSION = YES;
				GCC_WARN_ABOUT_RETURN_TYPE = YES_ERROR;
				GCC_WARN_UNDECLARED_SELECTOR = YES;
				GCC_WARN_UNINITIALIZED_AUTOS = YES_AGGRESSIVE;
				GCC_WARN_UNUSED_FUNCTION = YES;
				GCC_WARN_UNUSED_VARIABLE = YES;
				IPHONEOS_DEPLOYMENT_TARGET = 17.5;
				LOCALIZATION_PREFERS_STRING_CATALOGS = YES;
				MTL_ENABLE_DEBUG_INFO = NO;
				MTL_FAST_MATH = YES;
				SDKROOT = iphoneos;
				SWIFT_COMPILATION_MODE = wholemodule;
				VALIDATE_PRODUCT = YES;
			};
			name = Release;
		};
		99B5E9F92C70BC9200A087B0 /* Debug */ = {
			isa = XCBuildConfiguration;
			buildSettings = {
				ASSETCATALOG_COMPILER_APPICON_NAME = AppIcon;
				ASSETCATALOG_COMPILER_GLOBAL_ACCENT_COLOR_NAME = AccentColor;
				CODE_SIGN_STYLE = Automatic;
				CURRENT_PROJECT_VERSION = 1;
				DEVELOPMENT_ASSET_PATHS = "\"WatchIt/Preview Content\"";
				ENABLE_PREVIEWS = YES;
				GENERATE_INFOPLIST_FILE = YES;
				INFOPLIST_KEY_UIApplicationSceneManifest_Generation = YES;
				INFOPLIST_KEY_UIApplicationSupportsIndirectInputEvents = YES;
				INFOPLIST_KEY_UILaunchScreen_Generation = YES;
				INFOPLIST_KEY_UISupportedInterfaceOrientations_iPad = "UIInterfaceOrientationPortrait UIInterfaceOrientationPortraitUpsideDown UIInterfaceOrientationLandscapeLeft UIInterfaceOrientationLandscapeRight";
				INFOPLIST_KEY_UISupportedInterfaceOrientations_iPhone = "UIInterfaceOrientationPortrait UIInterfaceOrientationLandscapeLeft UIInterfaceOrientationLandscapeRight";
				LD_RUNPATH_SEARCH_PATHS = (
					"$(inherited)",
					"@executable_path/Frameworks",
				);
				MARKETING_VERSION = 1.0;
				PRODUCT_BUNDLE_IDENTIFIER = Enes.WatchIt;
				PRODUCT_NAME = "$(TARGET_NAME)";
				SWIFT_EMIT_LOC_STRINGS = YES;
				SWIFT_VERSION = 5.0;
				TARGETED_DEVICE_FAMILY = "1,2";
			};
			name = Debug;
		};
		99B5E9FA2C70BC9200A087B0 /* Release */ = {
			isa = XCBuildConfiguration;
			buildSettings = {
				ASSETCATALOG_COMPILER_APPICON_NAME = AppIcon;
				ASSETCATALOG_COMPILER_GLOBAL_ACCENT_COLOR_NAME = AccentColor;
				CODE_SIGN_STYLE = Automatic;
				CURRENT_PROJECT_VERSION = 1;
				DEVELOPMENT_ASSET_PATHS = "\"WatchIt/Preview Content\"";
				ENABLE_PREVIEWS = YES;
				GENERATE_INFOPLIST_FILE = YES;
				INFOPLIST_KEY_UIApplicationSceneManifest_Generation = YES;
				INFOPLIST_KEY_UIApplicationSupportsIndirectInputEvents = YES;
				INFOPLIST_KEY_UILaunchScreen_Generation = YES;
				INFOPLIST_KEY_UISupportedInterfaceOrientations_iPad = "UIInterfaceOrientationPortrait UIInterfaceOrientationPortraitUpsideDown UIInterfaceOrientationLandscapeLeft UIInterfaceOrientationLandscapeRight";
				INFOPLIST_KEY_UISupportedInterfaceOrientations_iPhone = "UIInterfaceOrientationPortrait UIInterfaceOrientationLandscapeLeft UIInterfaceOrientationLandscapeRight";
				LD_RUNPATH_SEARCH_PATHS = (
					"$(inherited)",
					"@executable_path/Frameworks",
				);
				MARKETING_VERSION = 1.0;
				PRODUCT_BUNDLE_IDENTIFIER = Enes.WatchIt;
				PRODUCT_NAME = "$(TARGET_NAME)";
				SWIFT_EMIT_LOC_STRINGS = YES;
				SWIFT_VERSION = 5.0;
				TARGETED_DEVICE_FAMILY = "1,2";
			};
			name = Release;
		};
/* End XCBuildConfiguration section */

/* Begin XCConfigurationList section */
		99B5E9E52C70BC9100A087B0 /* Build configuration list for PBXProject "WatchIt" */ = {
			isa = XCConfigurationList;
			buildConfigurations = (
				99B5E9F62C70BC9200A087B0 /* Debug */,
				99B5E9F72C70BC9200A087B0 /* Release */,
			);
			defaultConfigurationIsVisible = 0;
			defaultConfigurationName = Release;
		};
		99B5E9F82C70BC9200A087B0 /* Build configuration list for PBXNativeTarget "WatchIt" */ = {
			isa = XCConfigurationList;
			buildConfigurations = (
				99B5E9F92C70BC9200A087B0 /* Debug */,
				99B5E9FA2C70BC9200A087B0 /* Release */,
			);
			defaultConfigurationIsVisible = 0;
			defaultConfigurationName = Release;
		};
/* End XCConfigurationList section */
	};
	rootObject = 99B5E9E22C70BC9100A087B0 /* Project object */;
}
